// !$*UTF8*$!
{
	archiveVersion = 1;
	classes = {
	};
	objectVersion = 46;
	objects = {

/* Begin PBXBuildFile section */
		93EDA4B81BC310EF00BCC6F2 /* AppDelegate.swift in Sources */ = {isa = PBXBuildFile; fileRef = 93EDA4B71BC310EF00BCC6F2 /* AppDelegate.swift */; };
		93EDA4BA1BC310EF00BCC6F2 /* ViewController.swift in Sources */ = {isa = PBXBuildFile; fileRef = 93EDA4B91BC310EF00BCC6F2 /* ViewController.swift */; };
		93EDA4BD1BC310EF00BCC6F2 /* Main.storyboard in Resources */ = {isa = PBXBuildFile; fileRef = 93EDA4BB1BC310EF00BCC6F2 /* Main.storyboard */; };
		93EDA4BF1BC310EF00BCC6F2 /* Assets.xcassets in Resources */ = {isa = PBXBuildFile; fileRef = 93EDA4BE1BC310EF00BCC6F2 /* Assets.xcassets */; };
		93EDA4C21BC310EF00BCC6F2 /* LaunchScreen.storyboard in Resources */ = {isa = PBXBuildFile; fileRef = 93EDA4C01BC310EF00BCC6F2 /* LaunchScreen.storyboard */; };
		93EDA4CD1BC310EF00BCC6F2 /* TaterTotTimerTests.swift in Sources */ = {isa = PBXBuildFile; fileRef = 93EDA4CC1BC310EF00BCC6F2 /* TaterTotTimerTests.swift */; };
/* End PBXBuildFile section */

/* Begin PBXContainerItemProxy section */
		93EDA4C91BC310EF00BCC6F2 /* PBXContainerItemProxy */ = {
			isa = PBXContainerItemProxy;
			containerPortal = 93EDA4AC1BC310EF00BCC6F2 /* Project object */;
			proxyType = 1;
			remoteGlobalIDString = 93EDA4B31BC310EF00BCC6F2;
			remoteInfo = TaterTotTimer;
		};
/* End PBXContainerItemProxy section */

/* Begin PBXCopyFilesBuildPhase section */
		93EDA4FB1BC310F000BCC6F2 /* Embed Watch Content */ = {
			isa = PBXCopyFilesBuildPhase;
			buildActionMask = 2147483647;
			dstPath = "$(CONTENTS_FOLDER_PATH)/Watch";
			dstSubfolderSpec = 16;
			files = (
			);
			name = "Embed Watch Content";
			runOnlyForDeploymentPostprocessing = 0;
		};
/* End PBXCopyFilesBuildPhase section */

/* Begin PBXFileReference section */
		93EDA4B41BC310EF00BCC6F2 /* TaterTotTimer.app */ = {isa = PBXFileReference; explicitFileType = wrapper.application; includeInIndex = 0; path = TaterTotTimer.app; sourceTree = BUILT_PRODUCTS_DIR; };
		93EDA4B71BC310EF00BCC6F2 /* AppDelegate.swift */ = {isa = PBXFileReference; lastKnownFileType = sourcecode.swift; path = AppDelegate.swift; sourceTree = "<group>"; };
		93EDA4B91BC310EF00BCC6F2 /* ViewController.swift */ = {isa = PBXFileReference; lastKnownFileType = sourcecode.swift; path = ViewController.swift; sourceTree = "<group>"; };
		93EDA4BC1BC310EF00BCC6F2 /* Base */ = {isa = PBXFileReference; lastKnownFileType = file.storyboard; name = Base; path = Base.lproj/Main.storyboard; sourceTree = "<group>"; };
		93EDA4BE1BC310EF00BCC6F2 /* Assets.xcassets */ = {isa = PBXFileReference; lastKnownFileType = folder.assetcatalog; path = Assets.xcassets; sourceTree = "<group>"; };
		93EDA4C11BC310EF00BCC6F2 /* Base */ = {isa = PBXFileReference; lastKnownFileType = file.storyboard; name = Base; path = Base.lproj/LaunchScreen.storyboard; sourceTree = "<group>"; };
		93EDA4C31BC310EF00BCC6F2 /* Info.plist */ = {isa = PBXFileReference; lastKnownFileType = text.plist.xml; path = Info.plist; sourceTree = "<group>"; };
		93EDA4C81BC310EF00BCC6F2 /* TaterTotTimerTests.xctest */ = {isa = PBXFileReference; explicitFileType = wrapper.cfbundle; includeInIndex = 0; path = TaterTotTimerTests.xctest; sourceTree = BUILT_PRODUCTS_DIR; };
		93EDA4CC1BC310EF00BCC6F2 /* TaterTotTimerTests.swift */ = {isa = PBXFileReference; lastKnownFileType = sourcecode.swift; path = TaterTotTimerTests.swift; sourceTree = "<group>"; };
		93EDA4CE1BC310EF00BCC6F2 /* Info.plist */ = {isa = PBXFileReference; lastKnownFileType = text.plist.xml; path = Info.plist; sourceTree = "<group>"; };
/* End PBXFileReference section */

/* Begin PBXFrameworksBuildPhase section */
		93EDA4B11BC310EF00BCC6F2 /* Frameworks */ = {
			isa = PBXFrameworksBuildPhase;
			buildActionMask = 2147483647;
			files = (
			);
			runOnlyForDeploymentPostprocessing = 0;
		};
		93EDA4C51BC310EF00BCC6F2 /* Frameworks */ = {
			isa = PBXFrameworksBuildPhase;
			buildActionMask = 2147483647;
			files = (
			);
			runOnlyForDeploymentPostprocessing = 0;
		};
/* End PBXFrameworksBuildPhase section */

/* Begin PBXGroup section */
		93EDA4AB1BC310EF00BCC6F2 = {
			isa = PBXGroup;
			children = (
				93EDA4B61BC310EF00BCC6F2 /* TaterTotTimer */,
				93EDA4CB1BC310EF00BCC6F2 /* TaterTotTimerTests */,
				93EDA4B51BC310EF00BCC6F2 /* Products */,
			);
			sourceTree = "<group>";
		};
		93EDA4B51BC310EF00BCC6F2 /* Products */ = {
			isa = PBXGroup;
			children = (
				93EDA4B41BC310EF00BCC6F2 /* TaterTotTimer.app */,
				93EDA4C81BC310EF00BCC6F2 /* TaterTotTimerTests.xctest */,
			);
			name = Products;
			sourceTree = "<group>";
		};
		93EDA4B61BC310EF00BCC6F2 /* TaterTotTimer */ = {
			isa = PBXGroup;
			children = (
				93EDA4B71BC310EF00BCC6F2 /* AppDelegate.swift */,
				93EDA4B91BC310EF00BCC6F2 /* ViewController.swift */,
				93EDA4BB1BC310EF00BCC6F2 /* Main.storyboard */,
				93EDA4BE1BC310EF00BCC6F2 /* Assets.xcassets */,
				93EDA4C01BC310EF00BCC6F2 /* LaunchScreen.storyboard */,
				93EDA4C31BC310EF00BCC6F2 /* Info.plist */,
			);
			path = TaterTotTimer;
			sourceTree = "<group>";
		};
		93EDA4CB1BC310EF00BCC6F2 /* TaterTotTimerTests */ = {
			isa = PBXGroup;
			children = (
				93EDA4CC1BC310EF00BCC6F2 /* TaterTotTimerTests.swift */,
				93EDA4CE1BC310EF00BCC6F2 /* Info.plist */,
			);
			path = TaterTotTimerTests;
			sourceTree = "<group>";
		};
/* End PBXGroup section */

/* Begin PBXNativeTarget section */
		93EDA4B31BC310EF00BCC6F2 /* TaterTotTimer */ = {
			isa = PBXNativeTarget;
			buildConfigurationList = 93EDA4FC1BC310F000BCC6F2 /* Build configuration list for PBXNativeTarget "TaterTotTimer" */;
			buildPhases = (
				93EDA4B01BC310EF00BCC6F2 /* Sources */,
				93EDA4B11BC310EF00BCC6F2 /* Frameworks */,
				93EDA4B21BC310EF00BCC6F2 /* Resources */,
				93EDA4FB1BC310F000BCC6F2 /* Embed Watch Content */,
			);
			buildRules = (
			);
			dependencies = (
			);
			name = TaterTotTimer;
			productName = TaterTotTimer;
			productReference = 93EDA4B41BC310EF00BCC6F2 /* TaterTotTimer.app */;
			productType = "com.apple.product-type.application";
		};
		93EDA4C71BC310EF00BCC6F2 /* TaterTotTimerTests */ = {
			isa = PBXNativeTarget;
			buildConfigurationList = 93EDA4FF1BC310F000BCC6F2 /* Build configuration list for PBXNativeTarget "TaterTotTimerTests" */;
			buildPhases = (
				93EDA4C41BC310EF00BCC6F2 /* Sources */,
				93EDA4C51BC310EF00BCC6F2 /* Frameworks */,
				93EDA4C61BC310EF00BCC6F2 /* Resources */,
			);
			buildRules = (
			);
			dependencies = (
				93EDA4CA1BC310EF00BCC6F2 /* PBXTargetDependency */,
			);
			name = TaterTotTimerTests;
			productName = TaterTotTimerTests;
			productReference = 93EDA4C81BC310EF00BCC6F2 /* TaterTotTimerTests.xctest */;
			productType = "com.apple.product-type.bundle.unit-test";
		};
/* End PBXNativeTarget section */

/* Begin PBXProject section */
		93EDA4AC1BC310EF00BCC6F2 /* Project object */ = {
			isa = PBXProject;
			attributes = {
				LastUpgradeCheck = 1170;
				ORGANIZATIONNAME = Automattic;
				TargetAttributes = {
					93EDA4B31BC310EF00BCC6F2 = {
						CreatedOnToolsVersion = 7.0.1;
					};
					93EDA4C71BC310EF00BCC6F2 = {
						CreatedOnToolsVersion = 7.0.1;
						TestTargetID = 93EDA4B31BC310EF00BCC6F2;
					};
				};
			};
			buildConfigurationList = 93EDA4AF1BC310EF00BCC6F2 /* Build configuration list for PBXProject "TaterTotTimer" */;
			compatibilityVersion = "Xcode 3.2";
			developmentRegion = en;
			hasScannedForEncodings = 0;
			knownRegions = (
				en,
				Base,
			);
			mainGroup = 93EDA4AB1BC310EF00BCC6F2;
			productRefGroup = 93EDA4B51BC310EF00BCC6F2 /* Products */;
			projectDirPath = "";
			projectRoot = "";
			targets = (
				93EDA4B31BC310EF00BCC6F2 /* TaterTotTimer */,
				93EDA4C71BC310EF00BCC6F2 /* TaterTotTimerTests */,
			);
		};
/* End PBXProject section */

/* Begin PBXResourcesBuildPhase section */
		93EDA4B21BC310EF00BCC6F2 /* Resources */ = {
			isa = PBXResourcesBuildPhase;
			buildActionMask = 2147483647;
			files = (
				93EDA4C21BC310EF00BCC6F2 /* LaunchScreen.storyboard in Resources */,
				93EDA4BF1BC310EF00BCC6F2 /* Assets.xcassets in Resources */,
				93EDA4BD1BC310EF00BCC6F2 /* Main.storyboard in Resources */,
			);
			runOnlyForDeploymentPostprocessing = 0;
		};
		93EDA4C61BC310EF00BCC6F2 /* Resources */ = {
			isa = PBXResourcesBuildPhase;
			buildActionMask = 2147483647;
			files = (
			);
			runOnlyForDeploymentPostprocessing = 0;
		};
/* End PBXResourcesBuildPhase section */

/* Begin PBXSourcesBuildPhase section */
		93EDA4B01BC310EF00BCC6F2 /* Sources */ = {
			isa = PBXSourcesBuildPhase;
			buildActionMask = 2147483647;
			files = (
				93EDA4BA1BC310EF00BCC6F2 /* ViewController.swift in Sources */,
				93EDA4B81BC310EF00BCC6F2 /* AppDelegate.swift in Sources */,
			);
			runOnlyForDeploymentPostprocessing = 0;
		};
		93EDA4C41BC310EF00BCC6F2 /* Sources */ = {
			isa = PBXSourcesBuildPhase;
			buildActionMask = 2147483647;
			files = (
				93EDA4CD1BC310EF00BCC6F2 /* TaterTotTimerTests.swift in Sources */,
			);
			runOnlyForDeploymentPostprocessing = 0;
		};
/* End PBXSourcesBuildPhase section */

/* Begin PBXTargetDependency section */
		93EDA4CA1BC310EF00BCC6F2 /* PBXTargetDependency */ = {
			isa = PBXTargetDependency;
			target = 93EDA4B31BC310EF00BCC6F2 /* TaterTotTimer */;
			targetProxy = 93EDA4C91BC310EF00BCC6F2 /* PBXContainerItemProxy */;
		};
/* End PBXTargetDependency section */

/* Begin PBXVariantGroup section */
		93EDA4BB1BC310EF00BCC6F2 /* Main.storyboard */ = {
			isa = PBXVariantGroup;
			children = (
				93EDA4BC1BC310EF00BCC6F2 /* Base */,
			);
			name = Main.storyboard;
			sourceTree = "<group>";
		};
		93EDA4C01BC310EF00BCC6F2 /* LaunchScreen.storyboard */ = {
			isa = PBXVariantGroup;
			children = (
				93EDA4C11BC310EF00BCC6F2 /* Base */,
			);
			name = LaunchScreen.storyboard;
			sourceTree = "<group>";
		};
/* End PBXVariantGroup section */

/* Begin XCBuildConfiguration section */
		93EDA4F21BC310F000BCC6F2 /* Debug */ = {
			isa = XCBuildConfiguration;
			buildSettings = {
				ALWAYS_SEARCH_USER_PATHS = NO;
				CLANG_ANALYZER_LOCALIZABILITY_NONLOCALIZED = YES;
				CLANG_CXX_LANGUAGE_STANDARD = "gnu++0x";
				CLANG_CXX_LIBRARY = "libc++";
				CLANG_ENABLE_MODULES = YES;
				CLANG_ENABLE_OBJC_ARC = YES;
				CLANG_WARN_BLOCK_CAPTURE_AUTORELEASING = YES;
				CLANG_WARN_BOOL_CONVERSION = YES;
				CLANG_WARN_COMMA = YES;
				CLANG_WARN_CONSTANT_CONVERSION = YES;
				CLANG_WARN_DEPRECATED_OBJC_IMPLEMENTATIONS = YES;
				CLANG_WARN_DIRECT_OBJC_ISA_USAGE = YES_ERROR;
				CLANG_WARN_EMPTY_BODY = YES;
				CLANG_WARN_ENUM_CONVERSION = YES;
				CLANG_WARN_INFINITE_RECURSION = YES;
				CLANG_WARN_INT_CONVERSION = YES;
				CLANG_WARN_NON_LITERAL_NULL_CONVERSION = YES;
				CLANG_WARN_OBJC_IMPLICIT_RETAIN_SELF = YES;
				CLANG_WARN_OBJC_LITERAL_CONVERSION = YES;
				CLANG_WARN_OBJC_ROOT_CLASS = YES_ERROR;
				CLANG_WARN_RANGE_LOOP_ANALYSIS = YES;
				CLANG_WARN_STRICT_PROTOTYPES = YES;
				CLANG_WARN_SUSPICIOUS_MOVE = YES;
				CLANG_WARN_UNREACHABLE_CODE = YES;
				CLANG_WARN__DUPLICATE_METHOD_MATCH = YES;
				"CODE_SIGN_IDENTITY[sdk=iphoneos*]" = "iPhone Developer";
				COPY_PHASE_STRIP = NO;
				DEBUG_INFORMATION_FORMAT = dwarf;
				ENABLE_STRICT_OBJC_MSGSEND = YES;
				ENABLE_TESTABILITY = YES;
				GCC_C_LANGUAGE_STANDARD = gnu99;
				GCC_DYNAMIC_NO_PIC = NO;
				GCC_NO_COMMON_BLOCKS = YES;
				GCC_OPTIMIZATION_LEVEL = 0;
				GCC_PREPROCESSOR_DEFINITIONS = (
					"DEBUG=1",
					"$(inherited)",
				);
				GCC_WARN_64_TO_32_BIT_CONVERSION = YES;
				GCC_WARN_ABOUT_RETURN_TYPE = YES_ERROR;
				GCC_WARN_UNDECLARED_SELECTOR = YES;
				GCC_WARN_UNINITIALIZED_AUTOS = YES_AGGRESSIVE;
				GCC_WARN_UNUSED_FUNCTION = YES;
				GCC_WARN_UNUSED_VARIABLE = YES;
				IPHONEOS_DEPLOYMENT_TARGET = 13.7;
				MTL_ENABLE_DEBUG_INFO = YES;
				ONLY_ACTIVE_ARCH = YES;
				SDKROOT = iphoneos;
				SWIFT_OPTIMIZATION_LEVEL = "-Onone";
				SWIFT_VERSION = 5.0;
				TARGETED_DEVICE_FAMILY = "1,2";
			};
			name = Debug;
		};
		93EDA4F31BC310F000BCC6F2 /* Release */ = {
			isa = XCBuildConfiguration;
			buildSettings = {
				ALWAYS_SEARCH_USER_PATHS = NO;
				CLANG_ANALYZER_LOCALIZABILITY_NONLOCALIZED = YES;
				CLANG_CXX_LANGUAGE_STANDARD = "gnu++0x";
				CLANG_CXX_LIBRARY = "libc++";
				CLANG_ENABLE_MODULES = YES;
				CLANG_ENABLE_OBJC_ARC = YES;
				CLANG_WARN_BLOCK_CAPTURE_AUTORELEASING = YES;
				CLANG_WARN_BOOL_CONVERSION = YES;
				CLANG_WARN_COMMA = YES;
				CLANG_WARN_CONSTANT_CONVERSION = YES;
				CLANG_WARN_DEPRECATED_OBJC_IMPLEMENTATIONS = YES;
				CLANG_WARN_DIRECT_OBJC_ISA_USAGE = YES_ERROR;
				CLANG_WARN_EMPTY_BODY = YES;
				CLANG_WARN_ENUM_CONVERSION = YES;
				CLANG_WARN_INFINITE_RECURSION = YES;
				CLANG_WARN_INT_CONVERSION = YES;
				CLANG_WARN_NON_LITERAL_NULL_CONVERSION = YES;
				CLANG_WARN_OBJC_IMPLICIT_RETAIN_SELF = YES;
				CLANG_WARN_OBJC_LITERAL_CONVERSION = YES;
				CLANG_WARN_OBJC_ROOT_CLASS = YES_ERROR;
				CLANG_WARN_RANGE_LOOP_ANALYSIS = YES;
				CLANG_WARN_STRICT_PROTOTYPES = YES;
				CLANG_WARN_SUSPICIOUS_MOVE = YES;
				CLANG_WARN_UNREACHABLE_CODE = YES;
				CLANG_WARN__DUPLICATE_METHOD_MATCH = YES;
				"CODE_SIGN_IDENTITY[sdk=iphoneos*]" = "iPhone Developer";
				COPY_PHASE_STRIP = NO;
				DEBUG_INFORMATION_FORMAT = "dwarf-with-dsym";
				ENABLE_NS_ASSERTIONS = NO;
				ENABLE_STRICT_OBJC_MSGSEND = YES;
				GCC_C_LANGUAGE_STANDARD = gnu99;
				GCC_NO_COMMON_BLOCKS = YES;
				GCC_WARN_64_TO_32_BIT_CONVERSION = YES;
				GCC_WARN_ABOUT_RETURN_TYPE = YES_ERROR;
				GCC_WARN_UNDECLARED_SELECTOR = YES;
				GCC_WARN_UNINITIALIZED_AUTOS = YES_AGGRESSIVE;
				GCC_WARN_UNUSED_FUNCTION = YES;
				GCC_WARN_UNUSED_VARIABLE = YES;
				IPHONEOS_DEPLOYMENT_TARGET = 13.7;
				MTL_ENABLE_DEBUG_INFO = NO;
				SDKROOT = iphoneos;
				SWIFT_COMPILATION_MODE = wholemodule;
				SWIFT_VERSION = 5.0;
				TARGETED_DEVICE_FAMILY = "1,2";
				VALIDATE_PRODUCT = YES;
			};
			name = Release;
		};
		93EDA4FD1BC310F000BCC6F2 /* Debug */ = {
			isa = XCBuildConfiguration;
			buildSettings = {
				ASSETCATALOG_COMPILER_APPICON_NAME = AppIcon;
				INFOPLIST_FILE = TaterTotTimer/Info.plist;
				LD_RUNPATH_SEARCH_PATHS = "$(inherited) @executable_path/Frameworks";
				PRODUCT_BUNDLE_IDENTIFIER = com.automattic.TaterTotTimer;
				PRODUCT_NAME = "$(TARGET_NAME)";
			};
			name = Debug;
		};
		93EDA4FE1BC310F000BCC6F2 /* Release */ = {
			isa = XCBuildConfiguration;
			buildSettings = {
				ASSETCATALOG_COMPILER_APPICON_NAME = AppIcon;
				INFOPLIST_FILE = TaterTotTimer/Info.plist;
				LD_RUNPATH_SEARCH_PATHS = "$(inherited) @executable_path/Frameworks";
				PRODUCT_BUNDLE_IDENTIFIER = com.automattic.TaterTotTimer;
				PRODUCT_NAME = "$(TARGET_NAME)";
			};
			name = Release;
		};
		93EDA5001BC310F000BCC6F2 /* Debug */ = {
			isa = XCBuildConfiguration;
			buildSettings = {
				BUNDLE_LOADER = "$(TEST_HOST)";
				INFOPLIST_FILE = TaterTotTimerTests/Info.plist;
				LD_RUNPATH_SEARCH_PATHS = "$(inherited) @executable_path/Frameworks @loader_path/Frameworks";
				PRODUCT_BUNDLE_IDENTIFIER = com.automattic.TaterTotTimerTests;
				PRODUCT_NAME = "$(TARGET_NAME)";
				TEST_HOST = "$(BUILT_PRODUCTS_DIR)/TaterTotTimer.app/TaterTotTimer";
			};
			name = Debug;
		};
		93EDA5011BC310F000BCC6F2 /* Release */ = {
			isa = XCBuildConfiguration;
			buildSettings = {
				BUNDLE_LOADER = "$(TEST_HOST)";
				INFOPLIST_FILE = TaterTotTimerTests/Info.plist;
				LD_RUNPATH_SEARCH_PATHS = "$(inherited) @executable_path/Frameworks @loader_path/Frameworks";
				PRODUCT_BUNDLE_IDENTIFIER = com.automattic.TaterTotTimerTests;
				PRODUCT_NAME = "$(TARGET_NAME)";
				TEST_HOST = "$(BUILT_PRODUCTS_DIR)/TaterTotTimer.app/TaterTotTimer";
			};
			name = Release;
		};
/* End XCBuildConfiguration section */

/* Begin XCConfigurationList section */
		93EDA4AF1BC310EF00BCC6F2 /* Build configuration list for PBXProject "TaterTotTimer" */ = {
			isa = XCConfigurationList;
			buildConfigurations = (
				93EDA4F21BC310F000BCC6F2 /* Debug */,
				93EDA4F31BC310F000BCC6F2 /* Release */,
			);
			defaultConfigurationIsVisible = 0;
			defaultConfigurationName = Release;
		};
		93EDA4FC1BC310F000BCC6F2 /* Build configuration list for PBXNativeTarget "TaterTotTimer" */ = {
			isa = XCConfigurationList;
			buildConfigurations = (
				93EDA4FD1BC310F000BCC6F2 /* Debug */,
				93EDA4FE1BC310F000BCC6F2 /* Release */,
			);
			defaultConfigurationIsVisible = 0;
			defaultConfigurationName = Release;
		};
		93EDA4FF1BC310F000BCC6F2 /* Build configuration list for PBXNativeTarget "TaterTotTimerTests" */ = {
			isa = XCConfigurationList;
			buildConfigurations = (
				93EDA5001BC310F000BCC6F2 /* Debug */,
				93EDA5011BC310F000BCC6F2 /* Release */,
			);
			defaultConfigurationIsVisible = 0;
			defaultConfigurationName = Release;
		};
/* End XCConfigurationList section */
	};
	rootObject = 93EDA4AC1BC310EF00BCC6F2 /* Project object */;
}
