// !$*UTF8*$!
{
	archiveVersion = 1;
	classes = {
	};
	objectVersion = 46;
	objects = {

/* Begin PBXBuildFile section */
		559C7594131EE194D2126825 /* Pods_TaterTotTimerTests.framework in Frameworks */ = {isa = PBXBuildFile; fileRef = 2CD291502F58077F92A432DC /* Pods_TaterTotTimerTests.framework */; };
		57CC2EDE8E993836A3CCC06B /* Pods_TaterTotTimer_WatchKit_Extension.framework in Frameworks */ = {isa = PBXBuildFile; fileRef = F1CF3E9618C87E60595D592B /* Pods_TaterTotTimer_WatchKit_Extension.framework */; };
		7CADA56BCD9FE91B6201EEE2 /* Pods_TaterTotTimer.framework in Frameworks */ = {isa = PBXBuildFile; fileRef = EB68C7718ADD36CC9FD25FA5 /* Pods_TaterTotTimer.framework */; };
		936CB3F31D6B660800743C99 /* Rx.swift in Sources */ = {isa = PBXBuildFile; fileRef = 936CB3F21D6B660800743C99 /* Rx.swift */; };
		93EDA4B81BC310EF00BCC6F2 /* AppDelegate.swift in Sources */ = {isa = PBXBuildFile; fileRef = 93EDA4B71BC310EF00BCC6F2 /* AppDelegate.swift */; };
		93EDA4BA1BC310EF00BCC6F2 /* ViewController.swift in Sources */ = {isa = PBXBuildFile; fileRef = 93EDA4B91BC310EF00BCC6F2 /* ViewController.swift */; };
		93EDA4BD1BC310EF00BCC6F2 /* Main.storyboard in Resources */ = {isa = PBXBuildFile; fileRef = 93EDA4BB1BC310EF00BCC6F2 /* Main.storyboard */; };
		93EDA4BF1BC310EF00BCC6F2 /* Assets.xcassets in Resources */ = {isa = PBXBuildFile; fileRef = 93EDA4BE1BC310EF00BCC6F2 /* Assets.xcassets */; };
		93EDA4C21BC310EF00BCC6F2 /* LaunchScreen.storyboard in Resources */ = {isa = PBXBuildFile; fileRef = 93EDA4C01BC310EF00BCC6F2 /* LaunchScreen.storyboard */; };
		93EDA4CD1BC310EF00BCC6F2 /* TaterTotTimerTests.swift in Sources */ = {isa = PBXBuildFile; fileRef = 93EDA4CC1BC310EF00BCC6F2 /* TaterTotTimerTests.swift */; };
		93EDA4D21BC310F000BCC6F2 /* TaterTotTimer WatchKit App.app in Embed Watch Content */ = {isa = PBXBuildFile; fileRef = 93EDA4D11BC310F000BCC6F2 /* TaterTotTimer WatchKit App.app */; };
		93EDA4D81BC310F000BCC6F2 /* Interface.storyboard in Resources */ = {isa = PBXBuildFile; fileRef = 93EDA4D61BC310F000BCC6F2 /* Interface.storyboard */; };
		93EDA4DA1BC310F000BCC6F2 /* Assets.xcassets in Resources */ = {isa = PBXBuildFile; fileRef = 93EDA4D91BC310F000BCC6F2 /* Assets.xcassets */; };
		93EDA4E11BC310F000BCC6F2 /* TaterTotTimer WatchKit Extension.appex in Embed App Extensions */ = {isa = PBXBuildFile; fileRef = 93EDA4E01BC310F000BCC6F2 /* TaterTotTimer WatchKit Extension.appex */; settings = {ATTRIBUTES = (RemoveHeadersOnCopy, ); }; };
		93EDA4E81BC310F000BCC6F2 /* InterfaceController.swift in Sources */ = {isa = PBXBuildFile; fileRef = 93EDA4E71BC310F000BCC6F2 /* InterfaceController.swift */; };
		93EDA4EA1BC310F000BCC6F2 /* ExtensionDelegate.swift in Sources */ = {isa = PBXBuildFile; fileRef = 93EDA4E91BC310F000BCC6F2 /* ExtensionDelegate.swift */; };
		93EDA4EC1BC310F000BCC6F2 /* NotificationController.swift in Sources */ = {isa = PBXBuildFile; fileRef = 93EDA4EB1BC310F000BCC6F2 /* NotificationController.swift */; };
		93EDA4EE1BC310F000BCC6F2 /* ComplicationController.swift in Sources */ = {isa = PBXBuildFile; fileRef = 93EDA4ED1BC310F000BCC6F2 /* ComplicationController.swift */; };
		93EDA4F01BC310F000BCC6F2 /* Assets.xcassets in Resources */ = {isa = PBXBuildFile; fileRef = 93EDA4EF1BC310F000BCC6F2 /* Assets.xcassets */; };
		DDBE260DB7755C9BB7982BA1 /* Pods_TaterTotTimer_WatchKit_App.framework in Frameworks */ = {isa = PBXBuildFile; fileRef = 3D808FF600139178BD3C751E /* Pods_TaterTotTimer_WatchKit_App.framework */; };
/* End PBXBuildFile section */

/* Begin PBXContainerItemProxy section */
		93EDA4C91BC310EF00BCC6F2 /* PBXContainerItemProxy */ = {
			isa = PBXContainerItemProxy;
			containerPortal = 93EDA4AC1BC310EF00BCC6F2 /* Project object */;
			proxyType = 1;
			remoteGlobalIDString = 93EDA4B31BC310EF00BCC6F2;
			remoteInfo = TaterTotTimer;
		};
		93EDA4D31BC310F000BCC6F2 /* PBXContainerItemProxy */ = {
			isa = PBXContainerItemProxy;
			containerPortal = 93EDA4AC1BC310EF00BCC6F2 /* Project object */;
			proxyType = 1;
			remoteGlobalIDString = 93EDA4D01BC310EF00BCC6F2;
			remoteInfo = "TaterTotTimer WatchKit App";
		};
		93EDA4E21BC310F000BCC6F2 /* PBXContainerItemProxy */ = {
			isa = PBXContainerItemProxy;
			containerPortal = 93EDA4AC1BC310EF00BCC6F2 /* Project object */;
			proxyType = 1;
			remoteGlobalIDString = 93EDA4DF1BC310F000BCC6F2;
			remoteInfo = "TaterTotTimer WatchKit Extension";
		};
/* End PBXContainerItemProxy section */

/* Begin PBXCopyFilesBuildPhase section */
		93EDA4F71BC310F000BCC6F2 /* Embed App Extensions */ = {
			isa = PBXCopyFilesBuildPhase;
			buildActionMask = 2147483647;
			dstPath = "";
			dstSubfolderSpec = 13;
			files = (
				93EDA4E11BC310F000BCC6F2 /* TaterTotTimer WatchKit Extension.appex in Embed App Extensions */,
			);
			name = "Embed App Extensions";
			runOnlyForDeploymentPostprocessing = 0;
		};
		93EDA4FB1BC310F000BCC6F2 /* Embed Watch Content */ = {
			isa = PBXCopyFilesBuildPhase;
			buildActionMask = 2147483647;
			dstPath = "$(CONTENTS_FOLDER_PATH)/Watch";
			dstSubfolderSpec = 16;
			files = (
				93EDA4D21BC310F000BCC6F2 /* TaterTotTimer WatchKit App.app in Embed Watch Content */,
			);
			name = "Embed Watch Content";
			runOnlyForDeploymentPostprocessing = 0;
		};
/* End PBXCopyFilesBuildPhase section */

/* Begin PBXFileReference section */
		0379EEC14414C52A83D826FF /* Pods-TaterTotTimer WatchKit Extension.debug.xcconfig */ = {isa = PBXFileReference; includeInIndex = 1; lastKnownFileType = text.xcconfig; name = "Pods-TaterTotTimer WatchKit Extension.debug.xcconfig"; path = "Pods/Target Support Files/Pods-TaterTotTimer WatchKit Extension/Pods-TaterTotTimer WatchKit Extension.debug.xcconfig"; sourceTree = "<group>"; };
		1EDB128FA524A86621291288 /* Pods-TaterTotTimer.debug.xcconfig */ = {isa = PBXFileReference; includeInIndex = 1; lastKnownFileType = text.xcconfig; name = "Pods-TaterTotTimer.debug.xcconfig"; path = "Pods/Target Support Files/Pods-TaterTotTimer/Pods-TaterTotTimer.debug.xcconfig"; sourceTree = "<group>"; };
		2CD291502F58077F92A432DC /* Pods_TaterTotTimerTests.framework */ = {isa = PBXFileReference; explicitFileType = wrapper.framework; includeInIndex = 0; path = Pods_TaterTotTimerTests.framework; sourceTree = BUILT_PRODUCTS_DIR; };
		2D00D070A135DC80D4898762 /* Pods-TaterTotTimer WatchKit App.debug.xcconfig */ = {isa = PBXFileReference; includeInIndex = 1; lastKnownFileType = text.xcconfig; name = "Pods-TaterTotTimer WatchKit App.debug.xcconfig"; path = "Pods/Target Support Files/Pods-TaterTotTimer WatchKit App/Pods-TaterTotTimer WatchKit App.debug.xcconfig"; sourceTree = "<group>"; };
		352F45932166652BBBF0CE5B /* Pods-TaterTotTimerTests.release.xcconfig */ = {isa = PBXFileReference; includeInIndex = 1; lastKnownFileType = text.xcconfig; name = "Pods-TaterTotTimerTests.release.xcconfig"; path = "Pods/Target Support Files/Pods-TaterTotTimerTests/Pods-TaterTotTimerTests.release.xcconfig"; sourceTree = "<group>"; };
		3D808FF600139178BD3C751E /* Pods_TaterTotTimer_WatchKit_App.framework */ = {isa = PBXFileReference; explicitFileType = wrapper.framework; includeInIndex = 0; path = Pods_TaterTotTimer_WatchKit_App.framework; sourceTree = BUILT_PRODUCTS_DIR; };
		65B8EB5A0B4D6DA057FA61F6 /* Pods-TaterTotTimer WatchKit Extension.release.xcconfig */ = {isa = PBXFileReference; includeInIndex = 1; lastKnownFileType = text.xcconfig; name = "Pods-TaterTotTimer WatchKit Extension.release.xcconfig"; path = "Pods/Target Support Files/Pods-TaterTotTimer WatchKit Extension/Pods-TaterTotTimer WatchKit Extension.release.xcconfig"; sourceTree = "<group>"; };
		8898D1FCAA6F99CBCD5816C5 /* Pods-TaterTotTimerTests.debug.xcconfig */ = {isa = PBXFileReference; includeInIndex = 1; lastKnownFileType = text.xcconfig; name = "Pods-TaterTotTimerTests.debug.xcconfig"; path = "Pods/Target Support Files/Pods-TaterTotTimerTests/Pods-TaterTotTimerTests.debug.xcconfig"; sourceTree = "<group>"; };
		936CB3F21D6B660800743C99 /* Rx.swift */ = {isa = PBXFileReference; fileEncoding = 4; lastKnownFileType = sourcecode.swift; path = Rx.swift; sourceTree = "<group>"; };
		93EDA4B41BC310EF00BCC6F2 /* TaterTotTimer.app */ = {isa = PBXFileReference; explicitFileType = wrapper.application; includeInIndex = 0; path = TaterTotTimer.app; sourceTree = BUILT_PRODUCTS_DIR; };
		93EDA4B71BC310EF00BCC6F2 /* AppDelegate.swift */ = {isa = PBXFileReference; lastKnownFileType = sourcecode.swift; path = AppDelegate.swift; sourceTree = "<group>"; };
		93EDA4B91BC310EF00BCC6F2 /* ViewController.swift */ = {isa = PBXFileReference; lastKnownFileType = sourcecode.swift; path = ViewController.swift; sourceTree = "<group>"; };
		93EDA4BC1BC310EF00BCC6F2 /* Base */ = {isa = PBXFileReference; lastKnownFileType = file.storyboard; name = Base; path = Base.lproj/Main.storyboard; sourceTree = "<group>"; };
		93EDA4BE1BC310EF00BCC6F2 /* Assets.xcassets */ = {isa = PBXFileReference; lastKnownFileType = folder.assetcatalog; path = Assets.xcassets; sourceTree = "<group>"; };
		93EDA4C11BC310EF00BCC6F2 /* Base */ = {isa = PBXFileReference; lastKnownFileType = file.storyboard; name = Base; path = Base.lproj/LaunchScreen.storyboard; sourceTree = "<group>"; };
		93EDA4C31BC310EF00BCC6F2 /* Info.plist */ = {isa = PBXFileReference; lastKnownFileType = text.plist.xml; path = Info.plist; sourceTree = "<group>"; };
		93EDA4C81BC310EF00BCC6F2 /* TaterTotTimerTests.xctest */ = {isa = PBXFileReference; explicitFileType = wrapper.cfbundle; includeInIndex = 0; path = TaterTotTimerTests.xctest; sourceTree = BUILT_PRODUCTS_DIR; };
		93EDA4CC1BC310EF00BCC6F2 /* TaterTotTimerTests.swift */ = {isa = PBXFileReference; lastKnownFileType = sourcecode.swift; path = TaterTotTimerTests.swift; sourceTree = "<group>"; };
		93EDA4CE1BC310EF00BCC6F2 /* Info.plist */ = {isa = PBXFileReference; lastKnownFileType = text.plist.xml; path = Info.plist; sourceTree = "<group>"; };
		93EDA4D11BC310F000BCC6F2 /* TaterTotTimer WatchKit App.app */ = {isa = PBXFileReference; explicitFileType = wrapper.application; includeInIndex = 0; path = "TaterTotTimer WatchKit App.app"; sourceTree = BUILT_PRODUCTS_DIR; };
		93EDA4D71BC310F000BCC6F2 /* Base */ = {isa = PBXFileReference; lastKnownFileType = file.storyboard; name = Base; path = Base.lproj/Interface.storyboard; sourceTree = "<group>"; };
		93EDA4D91BC310F000BCC6F2 /* Assets.xcassets */ = {isa = PBXFileReference; lastKnownFileType = folder.assetcatalog; path = Assets.xcassets; sourceTree = "<group>"; };
		93EDA4DB1BC310F000BCC6F2 /* Info.plist */ = {isa = PBXFileReference; lastKnownFileType = text.plist.xml; path = Info.plist; sourceTree = "<group>"; };
		93EDA4E01BC310F000BCC6F2 /* TaterTotTimer WatchKit Extension.appex */ = {isa = PBXFileReference; explicitFileType = "wrapper.app-extension"; includeInIndex = 0; path = "TaterTotTimer WatchKit Extension.appex"; sourceTree = BUILT_PRODUCTS_DIR; };
		93EDA4E61BC310F000BCC6F2 /* PushNotificationPayload.apns */ = {isa = PBXFileReference; lastKnownFileType = text; path = PushNotificationPayload.apns; sourceTree = "<group>"; };
		93EDA4E71BC310F000BCC6F2 /* InterfaceController.swift */ = {isa = PBXFileReference; lastKnownFileType = sourcecode.swift; path = InterfaceController.swift; sourceTree = "<group>"; };
		93EDA4E91BC310F000BCC6F2 /* ExtensionDelegate.swift */ = {isa = PBXFileReference; lastKnownFileType = sourcecode.swift; path = ExtensionDelegate.swift; sourceTree = "<group>"; };
		93EDA4EB1BC310F000BCC6F2 /* NotificationController.swift */ = {isa = PBXFileReference; lastKnownFileType = sourcecode.swift; path = NotificationController.swift; sourceTree = "<group>"; };
		93EDA4ED1BC310F000BCC6F2 /* ComplicationController.swift */ = {isa = PBXFileReference; lastKnownFileType = sourcecode.swift; path = ComplicationController.swift; sourceTree = "<group>"; };
		93EDA4EF1BC310F000BCC6F2 /* Assets.xcassets */ = {isa = PBXFileReference; lastKnownFileType = folder.assetcatalog; path = Assets.xcassets; sourceTree = "<group>"; };
		93EDA4F11BC310F000BCC6F2 /* Info.plist */ = {isa = PBXFileReference; lastKnownFileType = text.plist.xml; path = Info.plist; sourceTree = "<group>"; };
		B044F52C39A8CEA5D438FE0F /* Pods-TaterTotTimer WatchKit App.release.xcconfig */ = {isa = PBXFileReference; includeInIndex = 1; lastKnownFileType = text.xcconfig; name = "Pods-TaterTotTimer WatchKit App.release.xcconfig"; path = "Pods/Target Support Files/Pods-TaterTotTimer WatchKit App/Pods-TaterTotTimer WatchKit App.release.xcconfig"; sourceTree = "<group>"; };
		EB68C7718ADD36CC9FD25FA5 /* Pods_TaterTotTimer.framework */ = {isa = PBXFileReference; explicitFileType = wrapper.framework; includeInIndex = 0; path = Pods_TaterTotTimer.framework; sourceTree = BUILT_PRODUCTS_DIR; };
		F1CF3E9618C87E60595D592B /* Pods_TaterTotTimer_WatchKit_Extension.framework */ = {isa = PBXFileReference; explicitFileType = wrapper.framework; includeInIndex = 0; path = Pods_TaterTotTimer_WatchKit_Extension.framework; sourceTree = BUILT_PRODUCTS_DIR; };
		F8CB89136F6D0A7585BFC875 /* Pods-TaterTotTimer.release.xcconfig */ = {isa = PBXFileReference; includeInIndex = 1; lastKnownFileType = text.xcconfig; name = "Pods-TaterTotTimer.release.xcconfig"; path = "Pods/Target Support Files/Pods-TaterTotTimer/Pods-TaterTotTimer.release.xcconfig"; sourceTree = "<group>"; };
/* End PBXFileReference section */

/* Begin PBXFrameworksBuildPhase section */
		686B8C9BA4AA0A0302C06364 /* Frameworks */ = {
			isa = PBXFrameworksBuildPhase;
			buildActionMask = 2147483647;
			files = (
				DDBE260DB7755C9BB7982BA1 /* Pods_TaterTotTimer_WatchKit_App.framework in Frameworks */,
			);
			runOnlyForDeploymentPostprocessing = 0;
		};
		93EDA4B11BC310EF00BCC6F2 /* Frameworks */ = {
			isa = PBXFrameworksBuildPhase;
			buildActionMask = 2147483647;
			files = (
				7CADA56BCD9FE91B6201EEE2 /* Pods_TaterTotTimer.framework in Frameworks */,
			);
			runOnlyForDeploymentPostprocessing = 0;
		};
		93EDA4C51BC310EF00BCC6F2 /* Frameworks */ = {
			isa = PBXFrameworksBuildPhase;
			buildActionMask = 2147483647;
			files = (
				559C7594131EE194D2126825 /* Pods_TaterTotTimerTests.framework in Frameworks */,
			);
			runOnlyForDeploymentPostprocessing = 0;
		};
		93EDA4DD1BC310F000BCC6F2 /* Frameworks */ = {
			isa = PBXFrameworksBuildPhase;
			buildActionMask = 2147483647;
			files = (
				57CC2EDE8E993836A3CCC06B /* Pods_TaterTotTimer_WatchKit_Extension.framework in Frameworks */,
			);
			runOnlyForDeploymentPostprocessing = 0;
		};
/* End PBXFrameworksBuildPhase section */

/* Begin PBXGroup section */
		48CDCF9EC7FA47A20E83F1F6 /* Pods */ = {
			isa = PBXGroup;
			children = (
				1EDB128FA524A86621291288 /* Pods-TaterTotTimer.debug.xcconfig */,
				F8CB89136F6D0A7585BFC875 /* Pods-TaterTotTimer.release.xcconfig */,
				2D00D070A135DC80D4898762 /* Pods-TaterTotTimer WatchKit App.debug.xcconfig */,
				B044F52C39A8CEA5D438FE0F /* Pods-TaterTotTimer WatchKit App.release.xcconfig */,
				0379EEC14414C52A83D826FF /* Pods-TaterTotTimer WatchKit Extension.debug.xcconfig */,
				65B8EB5A0B4D6DA057FA61F6 /* Pods-TaterTotTimer WatchKit Extension.release.xcconfig */,
				8898D1FCAA6F99CBCD5816C5 /* Pods-TaterTotTimerTests.debug.xcconfig */,
				352F45932166652BBBF0CE5B /* Pods-TaterTotTimerTests.release.xcconfig */,
			);
			name = Pods;
			sourceTree = "<group>";
		};
		93EDA4AB1BC310EF00BCC6F2 = {
			isa = PBXGroup;
			children = (
				93EDA4B61BC310EF00BCC6F2 /* TaterTotTimer */,
				93EDA4CB1BC310EF00BCC6F2 /* TaterTotTimerTests */,
				93EDA4D51BC310F000BCC6F2 /* TaterTotTimer WatchKit App */,
				93EDA4E41BC310F000BCC6F2 /* TaterTotTimer WatchKit Extension */,
				93EDA4B51BC310EF00BCC6F2 /* Products */,
				48CDCF9EC7FA47A20E83F1F6 /* Pods */,
				9C0087A319A06A1553592A47 /* Frameworks */,
			);
			sourceTree = "<group>";
		};
		93EDA4B51BC310EF00BCC6F2 /* Products */ = {
			isa = PBXGroup;
			children = (
				93EDA4B41BC310EF00BCC6F2 /* TaterTotTimer.app */,
				93EDA4C81BC310EF00BCC6F2 /* TaterTotTimerTests.xctest */,
				93EDA4D11BC310F000BCC6F2 /* TaterTotTimer WatchKit App.app */,
				93EDA4E01BC310F000BCC6F2 /* TaterTotTimer WatchKit Extension.appex */,
			);
			name = Products;
			sourceTree = "<group>";
		};
		93EDA4B61BC310EF00BCC6F2 /* TaterTotTimer */ = {
			isa = PBXGroup;
			children = (
				93EDA4B71BC310EF00BCC6F2 /* AppDelegate.swift */,
				93EDA4B91BC310EF00BCC6F2 /* ViewController.swift */,
				93EDA4BB1BC310EF00BCC6F2 /* Main.storyboard */,
				93EDA4BE1BC310EF00BCC6F2 /* Assets.xcassets */,
				93EDA4C01BC310EF00BCC6F2 /* LaunchScreen.storyboard */,
				93EDA4C31BC310EF00BCC6F2 /* Info.plist */,
				936CB3F21D6B660800743C99 /* Rx.swift */,
			);
			path = TaterTotTimer;
			sourceTree = "<group>";
		};
		93EDA4CB1BC310EF00BCC6F2 /* TaterTotTimerTests */ = {
			isa = PBXGroup;
			children = (
				93EDA4CC1BC310EF00BCC6F2 /* TaterTotTimerTests.swift */,
				93EDA4CE1BC310EF00BCC6F2 /* Info.plist */,
			);
			path = TaterTotTimerTests;
			sourceTree = "<group>";
		};
		93EDA4D51BC310F000BCC6F2 /* TaterTotTimer WatchKit App */ = {
			isa = PBXGroup;
			children = (
				93EDA4D61BC310F000BCC6F2 /* Interface.storyboard */,
				93EDA4D91BC310F000BCC6F2 /* Assets.xcassets */,
				93EDA4DB1BC310F000BCC6F2 /* Info.plist */,
			);
			path = "TaterTotTimer WatchKit App";
			sourceTree = "<group>";
		};
		93EDA4E41BC310F000BCC6F2 /* TaterTotTimer WatchKit Extension */ = {
			isa = PBXGroup;
			children = (
				93EDA4E71BC310F000BCC6F2 /* InterfaceController.swift */,
				93EDA4E91BC310F000BCC6F2 /* ExtensionDelegate.swift */,
				93EDA4EB1BC310F000BCC6F2 /* NotificationController.swift */,
				93EDA4ED1BC310F000BCC6F2 /* ComplicationController.swift */,
				93EDA4EF1BC310F000BCC6F2 /* Assets.xcassets */,
				93EDA4F11BC310F000BCC6F2 /* Info.plist */,
				93EDA4E51BC310F000BCC6F2 /* Supporting Files */,
			);
			path = "TaterTotTimer WatchKit Extension";
			sourceTree = "<group>";
		};
		93EDA4E51BC310F000BCC6F2 /* Supporting Files */ = {
			isa = PBXGroup;
			children = (
				93EDA4E61BC310F000BCC6F2 /* PushNotificationPayload.apns */,
			);
			name = "Supporting Files";
			sourceTree = "<group>";
		};
		9C0087A319A06A1553592A47 /* Frameworks */ = {
			isa = PBXGroup;
			children = (
				EB68C7718ADD36CC9FD25FA5 /* Pods_TaterTotTimer.framework */,
				3D808FF600139178BD3C751E /* Pods_TaterTotTimer_WatchKit_App.framework */,
				F1CF3E9618C87E60595D592B /* Pods_TaterTotTimer_WatchKit_Extension.framework */,
				2CD291502F58077F92A432DC /* Pods_TaterTotTimerTests.framework */,
			);
			name = Frameworks;
			sourceTree = "<group>";
		};
/* End PBXGroup section */

/* Begin PBXNativeTarget section */
		93EDA4B31BC310EF00BCC6F2 /* TaterTotTimer */ = {
			isa = PBXNativeTarget;
			buildConfigurationList = 93EDA4FC1BC310F000BCC6F2 /* Build configuration list for PBXNativeTarget "TaterTotTimer" */;
			buildPhases = (
				4E4589C9A440E79FB8779E69 /* [CP] Check Pods Manifest.lock */,
				93EDA4B01BC310EF00BCC6F2 /* Sources */,
				93EDA4B11BC310EF00BCC6F2 /* Frameworks */,
				93EDA4B21BC310EF00BCC6F2 /* Resources */,
				93EDA4FB1BC310F000BCC6F2 /* Embed Watch Content */,
				BD11F2C147279FF61F22DE06 /* [CP] Embed Pods Frameworks */,
				A7FFDB0062ABA4FB1C6EC2C4 /* [CP] Copy Pods Resources */,
			);
			buildRules = (
			);
			dependencies = (
				93EDA4D41BC310F000BCC6F2 /* PBXTargetDependency */,
			);
			name = TaterTotTimer;
			productName = TaterTotTimer;
			productReference = 93EDA4B41BC310EF00BCC6F2 /* TaterTotTimer.app */;
			productType = "com.apple.product-type.application";
		};
		93EDA4C71BC310EF00BCC6F2 /* TaterTotTimerTests */ = {
			isa = PBXNativeTarget;
			buildConfigurationList = 93EDA4FF1BC310F000BCC6F2 /* Build configuration list for PBXNativeTarget "TaterTotTimerTests" */;
			buildPhases = (
				0FD662BD9C53CE54775E1CD0 /* [CP] Check Pods Manifest.lock */,
				93EDA4C41BC310EF00BCC6F2 /* Sources */,
				93EDA4C51BC310EF00BCC6F2 /* Frameworks */,
				93EDA4C61BC310EF00BCC6F2 /* Resources */,
				04AF3268A545D35789254609 /* [CP] Embed Pods Frameworks */,
				A53144B6838017F4A86CF14C /* [CP] Copy Pods Resources */,
			);
			buildRules = (
			);
			dependencies = (
				93EDA4CA1BC310EF00BCC6F2 /* PBXTargetDependency */,
			);
			name = TaterTotTimerTests;
			productName = TaterTotTimerTests;
			productReference = 93EDA4C81BC310EF00BCC6F2 /* TaterTotTimerTests.xctest */;
			productType = "com.apple.product-type.bundle.unit-test";
		};
		93EDA4D01BC310EF00BCC6F2 /* TaterTotTimer WatchKit App */ = {
			isa = PBXNativeTarget;
			buildConfigurationList = 93EDA4F81BC310F000BCC6F2 /* Build configuration list for PBXNativeTarget "TaterTotTimer WatchKit App" */;
			buildPhases = (
				98D2517E52F8DC6CC26CC1C0 /* [CP] Check Pods Manifest.lock */,
				93EDA4CF1BC310EF00BCC6F2 /* Resources */,
				93EDA4F71BC310F000BCC6F2 /* Embed App Extensions */,
				686B8C9BA4AA0A0302C06364 /* Frameworks */,
				8A299C0A291A0A972E3FC7E2 /* [CP] Copy Pods Resources */,
			);
			buildRules = (
			);
			dependencies = (
				93EDA4E31BC310F000BCC6F2 /* PBXTargetDependency */,
			);
			name = "TaterTotTimer WatchKit App";
			productName = "TaterTotTimer WatchKit App";
			productReference = 93EDA4D11BC310F000BCC6F2 /* TaterTotTimer WatchKit App.app */;
			productType = "com.apple.product-type.application.watchapp2";
		};
		93EDA4DF1BC310F000BCC6F2 /* TaterTotTimer WatchKit Extension */ = {
			isa = PBXNativeTarget;
			buildConfigurationList = 93EDA4F41BC310F000BCC6F2 /* Build configuration list for PBXNativeTarget "TaterTotTimer WatchKit Extension" */;
			buildPhases = (
				8522EFC56FD128ED8E2D9CA5 /* [CP] Check Pods Manifest.lock */,
				93EDA4DC1BC310F000BCC6F2 /* Sources */,
				93EDA4DD1BC310F000BCC6F2 /* Frameworks */,
				93EDA4DE1BC310F000BCC6F2 /* Resources */,
				DB9DE0B634343628F8C3D665 /* [CP] Embed Pods Frameworks */,
				A6CEDFB06B81E8C2AC633952 /* [CP] Copy Pods Resources */,
			);
			buildRules = (
			);
			dependencies = (
			);
			name = "TaterTotTimer WatchKit Extension";
			productName = "TaterTotTimer WatchKit Extension";
			productReference = 93EDA4E01BC310F000BCC6F2 /* TaterTotTimer WatchKit Extension.appex */;
			productType = "com.apple.product-type.watchkit2-extension";
		};
/* End PBXNativeTarget section */

/* Begin PBXProject section */
		93EDA4AC1BC310EF00BCC6F2 /* Project object */ = {
			isa = PBXProject;
			attributes = {
				LastUpgradeCheck = 0700;
				ORGANIZATIONNAME = Automattic;
				TargetAttributes = {
					93EDA4B31BC310EF00BCC6F2 = {
						CreatedOnToolsVersion = 7.0.1;
					};
					93EDA4C71BC310EF00BCC6F2 = {
						CreatedOnToolsVersion = 7.0.1;
						TestTargetID = 93EDA4B31BC310EF00BCC6F2;
					};
					93EDA4D01BC310EF00BCC6F2 = {
						CreatedOnToolsVersion = 7.0.1;
					};
					93EDA4DF1BC310F000BCC6F2 = {
						CreatedOnToolsVersion = 7.0.1;
					};
				};
			};
			buildConfigurationList = 93EDA4AF1BC310EF00BCC6F2 /* Build configuration list for PBXProject "TaterTotTimer" */;
			compatibilityVersion = "Xcode 3.2";
			developmentRegion = English;
			hasScannedForEncodings = 0;
			knownRegions = (
				en,
				Base,
			);
			mainGroup = 93EDA4AB1BC310EF00BCC6F2;
			productRefGroup = 93EDA4B51BC310EF00BCC6F2 /* Products */;
			projectDirPath = "";
			projectRoot = "";
			targets = (
				93EDA4B31BC310EF00BCC6F2 /* TaterTotTimer */,
				93EDA4C71BC310EF00BCC6F2 /* TaterTotTimerTests */,
				93EDA4D01BC310EF00BCC6F2 /* TaterTotTimer WatchKit App */,
				93EDA4DF1BC310F000BCC6F2 /* TaterTotTimer WatchKit Extension */,
			);
		};
/* End PBXProject section */

/* Begin PBXResourcesBuildPhase section */
		93EDA4B21BC310EF00BCC6F2 /* Resources */ = {
			isa = PBXResourcesBuildPhase;
			buildActionMask = 2147483647;
			files = (
				93EDA4C21BC310EF00BCC6F2 /* LaunchScreen.storyboard in Resources */,
				93EDA4BF1BC310EF00BCC6F2 /* Assets.xcassets in Resources */,
				93EDA4BD1BC310EF00BCC6F2 /* Main.storyboard in Resources */,
			);
			runOnlyForDeploymentPostprocessing = 0;
		};
		93EDA4C61BC310EF00BCC6F2 /* Resources */ = {
			isa = PBXResourcesBuildPhase;
			buildActionMask = 2147483647;
			files = (
			);
			runOnlyForDeploymentPostprocessing = 0;
		};
		93EDA4CF1BC310EF00BCC6F2 /* Resources */ = {
			isa = PBXResourcesBuildPhase;
			buildActionMask = 2147483647;
			files = (
				93EDA4DA1BC310F000BCC6F2 /* Assets.xcassets in Resources */,
				93EDA4D81BC310F000BCC6F2 /* Interface.storyboard in Resources */,
			);
			runOnlyForDeploymentPostprocessing = 0;
		};
		93EDA4DE1BC310F000BCC6F2 /* Resources */ = {
			isa = PBXResourcesBuildPhase;
			buildActionMask = 2147483647;
			files = (
				93EDA4F01BC310F000BCC6F2 /* Assets.xcassets in Resources */,
			);
			runOnlyForDeploymentPostprocessing = 0;
		};
/* End PBXResourcesBuildPhase section */

/* Begin PBXShellScriptBuildPhase section */
		04AF3268A545D35789254609 /* [CP] Embed Pods Frameworks */ = {
			isa = PBXShellScriptBuildPhase;
			buildActionMask = 2147483647;
			files = (
			);
			inputPaths = (
			);
			name = "[CP] Embed Pods Frameworks";
			outputPaths = (
			);
			runOnlyForDeploymentPostprocessing = 0;
			shellPath = /bin/sh;
			shellScript = "\"${SRCROOT}/Pods/Target Support Files/Pods-TaterTotTimerTests/Pods-TaterTotTimerTests-frameworks.sh\"\n";
			showEnvVarsInLog = 0;
		};
		0FD662BD9C53CE54775E1CD0 /* [CP] Check Pods Manifest.lock */ = {
			isa = PBXShellScriptBuildPhase;
			buildActionMask = 2147483647;
			files = (
			);
			inputPaths = (
			);
			name = "[CP] Check Pods Manifest.lock";
			outputPaths = (
			);
			runOnlyForDeploymentPostprocessing = 0;
			shellPath = /bin/sh;
			shellScript = "diff \"${PODS_ROOT}/../Podfile.lock\" \"${PODS_ROOT}/Manifest.lock\" > /dev/null\nif [[ $? != 0 ]] ; then\n    cat << EOM\nerror: The sandbox is not in sync with the Podfile.lock. Run 'pod install' or update your CocoaPods installation.\nEOM\n    exit 1\nfi\n";
			showEnvVarsInLog = 0;
		};
		4E4589C9A440E79FB8779E69 /* [CP] Check Pods Manifest.lock */ = {
			isa = PBXShellScriptBuildPhase;
			buildActionMask = 2147483647;
			files = (
			);
			inputPaths = (
			);
			name = "[CP] Check Pods Manifest.lock";
			outputPaths = (
			);
			runOnlyForDeploymentPostprocessing = 0;
			shellPath = /bin/sh;
			shellScript = "diff \"${PODS_ROOT}/../Podfile.lock\" \"${PODS_ROOT}/Manifest.lock\" > /dev/null\nif [[ $? != 0 ]] ; then\n    cat << EOM\nerror: The sandbox is not in sync with the Podfile.lock. Run 'pod install' or update your CocoaPods installation.\nEOM\n    exit 1\nfi\n";
			showEnvVarsInLog = 0;
		};
		8522EFC56FD128ED8E2D9CA5 /* [CP] Check Pods Manifest.lock */ = {
			isa = PBXShellScriptBuildPhase;
			buildActionMask = 2147483647;
			files = (
			);
			inputPaths = (
			);
			name = "[CP] Check Pods Manifest.lock";
			outputPaths = (
			);
			runOnlyForDeploymentPostprocessing = 0;
			shellPath = /bin/sh;
			shellScript = "diff \"${PODS_ROOT}/../Podfile.lock\" \"${PODS_ROOT}/Manifest.lock\" > /dev/null\nif [[ $? != 0 ]] ; then\n    cat << EOM\nerror: The sandbox is not in sync with the Podfile.lock. Run 'pod install' or update your CocoaPods installation.\nEOM\n    exit 1\nfi\n";
			showEnvVarsInLog = 0;
		};
		8A299C0A291A0A972E3FC7E2 /* [CP] Copy Pods Resources */ = {
			isa = PBXShellScriptBuildPhase;
			buildActionMask = 2147483647;
			files = (
			);
			inputPaths = (
			);
			name = "[CP] Copy Pods Resources";
			outputPaths = (
			);
			runOnlyForDeploymentPostprocessing = 0;
			shellPath = /bin/sh;
			shellScript = "\"${SRCROOT}/Pods/Target Support Files/Pods-TaterTotTimer WatchKit App/Pods-TaterTotTimer WatchKit App-resources.sh\"\n";
			showEnvVarsInLog = 0;
		};
		98D2517E52F8DC6CC26CC1C0 /* [CP] Check Pods Manifest.lock */ = {
			isa = PBXShellScriptBuildPhase;
			buildActionMask = 2147483647;
			files = (
			);
			inputPaths = (
			);
			name = "[CP] Check Pods Manifest.lock";
			outputPaths = (
			);
			runOnlyForDeploymentPostprocessing = 0;
			shellPath = /bin/sh;
			shellScript = "diff \"${PODS_ROOT}/../Podfile.lock\" \"${PODS_ROOT}/Manifest.lock\" > /dev/null\nif [[ $? != 0 ]] ; then\n    cat << EOM\nerror: The sandbox is not in sync with the Podfile.lock. Run 'pod install' or update your CocoaPods installation.\nEOM\n    exit 1\nfi\n";
			showEnvVarsInLog = 0;
		};
		A53144B6838017F4A86CF14C /* [CP] Copy Pods Resources */ = {
			isa = PBXShellScriptBuildPhase;
			buildActionMask = 2147483647;
			files = (
			);
			inputPaths = (
			);
			name = "[CP] Copy Pods Resources";
			outputPaths = (
			);
			runOnlyForDeploymentPostprocessing = 0;
			shellPath = /bin/sh;
			shellScript = "\"${SRCROOT}/Pods/Target Support Files/Pods-TaterTotTimerTests/Pods-TaterTotTimerTests-resources.sh\"\n";
			showEnvVarsInLog = 0;
		};
		A6CEDFB06B81E8C2AC633952 /* [CP] Copy Pods Resources */ = {
			isa = PBXShellScriptBuildPhase;
			buildActionMask = 2147483647;
			files = (
			);
			inputPaths = (
			);
			name = "[CP] Copy Pods Resources";
			outputPaths = (
			);
			runOnlyForDeploymentPostprocessing = 0;
			shellPath = /bin/sh;
			shellScript = "\"${SRCROOT}/Pods/Target Support Files/Pods-TaterTotTimer WatchKit Extension/Pods-TaterTotTimer WatchKit Extension-resources.sh\"\n";
			showEnvVarsInLog = 0;
		};
		A7FFDB0062ABA4FB1C6EC2C4 /* [CP] Copy Pods Resources */ = {
			isa = PBXShellScriptBuildPhase;
			buildActionMask = 2147483647;
			files = (
			);
			inputPaths = (
			);
			name = "[CP] Copy Pods Resources";
			outputPaths = (
			);
			runOnlyForDeploymentPostprocessing = 0;
			shellPath = /bin/sh;
			shellScript = "\"${SRCROOT}/Pods/Target Support Files/Pods-TaterTotTimer/Pods-TaterTotTimer-resources.sh\"\n";
			showEnvVarsInLog = 0;
		};
		BD11F2C147279FF61F22DE06 /* [CP] Embed Pods Frameworks */ = {
			isa = PBXShellScriptBuildPhase;
			buildActionMask = 2147483647;
			files = (
			);
			inputPaths = (
			);
			name = "[CP] Embed Pods Frameworks";
			outputPaths = (
			);
			runOnlyForDeploymentPostprocessing = 0;
			shellPath = /bin/sh;
			shellScript = "\"${SRCROOT}/Pods/Target Support Files/Pods-TaterTotTimer/Pods-TaterTotTimer-frameworks.sh\"\n";
			showEnvVarsInLog = 0;
		};
		DB9DE0B634343628F8C3D665 /* [CP] Embed Pods Frameworks */ = {
			isa = PBXShellScriptBuildPhase;
			buildActionMask = 2147483647;
			files = (
			);
			inputPaths = (
			);
			name = "[CP] Embed Pods Frameworks";
			outputPaths = (
			);
			runOnlyForDeploymentPostprocessing = 0;
			shellPath = /bin/sh;
			shellScript = "\"${SRCROOT}/Pods/Target Support Files/Pods-TaterTotTimer WatchKit Extension/Pods-TaterTotTimer WatchKit Extension-frameworks.sh\"\n";
			showEnvVarsInLog = 0;
		};
/* End PBXShellScriptBuildPhase section */

/* Begin PBXSourcesBuildPhase section */
		93EDA4B01BC310EF00BCC6F2 /* Sources */ = {
			isa = PBXSourcesBuildPhase;
			buildActionMask = 2147483647;
			files = (
				93EDA4BA1BC310EF00BCC6F2 /* ViewController.swift in Sources */,
				93EDA4B81BC310EF00BCC6F2 /* AppDelegate.swift in Sources */,
				936CB3F31D6B660800743C99 /* Rx.swift in Sources */,
			);
			runOnlyForDeploymentPostprocessing = 0;
		};
		93EDA4C41BC310EF00BCC6F2 /* Sources */ = {
			isa = PBXSourcesBuildPhase;
			buildActionMask = 2147483647;
			files = (
				93EDA4CD1BC310EF00BCC6F2 /* TaterTotTimerTests.swift in Sources */,
			);
			runOnlyForDeploymentPostprocessing = 0;
		};
		93EDA4DC1BC310F000BCC6F2 /* Sources */ = {
			isa = PBXSourcesBuildPhase;
			buildActionMask = 2147483647;
			files = (
				93EDA4EC1BC310F000BCC6F2 /* NotificationController.swift in Sources */,
				93EDA4EE1BC310F000BCC6F2 /* ComplicationController.swift in Sources */,
				93EDA4EA1BC310F000BCC6F2 /* ExtensionDelegate.swift in Sources */,
				93EDA4E81BC310F000BCC6F2 /* InterfaceController.swift in Sources */,
			);
			runOnlyForDeploymentPostprocessing = 0;
		};
/* End PBXSourcesBuildPhase section */

/* Begin PBXTargetDependency section */
		93EDA4CA1BC310EF00BCC6F2 /* PBXTargetDependency */ = {
			isa = PBXTargetDependency;
			target = 93EDA4B31BC310EF00BCC6F2 /* TaterTotTimer */;
			targetProxy = 93EDA4C91BC310EF00BCC6F2 /* PBXContainerItemProxy */;
		};
		93EDA4D41BC310F000BCC6F2 /* PBXTargetDependency */ = {
			isa = PBXTargetDependency;
			target = 93EDA4D01BC310EF00BCC6F2 /* TaterTotTimer WatchKit App */;
			targetProxy = 93EDA4D31BC310F000BCC6F2 /* PBXContainerItemProxy */;
		};
		93EDA4E31BC310F000BCC6F2 /* PBXTargetDependency */ = {
			isa = PBXTargetDependency;
			target = 93EDA4DF1BC310F000BCC6F2 /* TaterTotTimer WatchKit Extension */;
			targetProxy = 93EDA4E21BC310F000BCC6F2 /* PBXContainerItemProxy */;
		};
/* End PBXTargetDependency section */

/* Begin PBXVariantGroup section */
		93EDA4BB1BC310EF00BCC6F2 /* Main.storyboard */ = {
			isa = PBXVariantGroup;
			children = (
				93EDA4BC1BC310EF00BCC6F2 /* Base */,
			);
			name = Main.storyboard;
			sourceTree = "<group>";
		};
		93EDA4C01BC310EF00BCC6F2 /* LaunchScreen.storyboard */ = {
			isa = PBXVariantGroup;
			children = (
				93EDA4C11BC310EF00BCC6F2 /* Base */,
			);
			name = LaunchScreen.storyboard;
			sourceTree = "<group>";
		};
		93EDA4D61BC310F000BCC6F2 /* Interface.storyboard */ = {
			isa = PBXVariantGroup;
			children = (
				93EDA4D71BC310F000BCC6F2 /* Base */,
			);
			name = Interface.storyboard;
			sourceTree = "<group>";
		};
/* End PBXVariantGroup section */

/* Begin XCBuildConfiguration section */
		93EDA4F21BC310F000BCC6F2 /* Debug */ = {
			isa = XCBuildConfiguration;
			buildSettings = {
				ALWAYS_SEARCH_USER_PATHS = NO;
				CLANG_CXX_LANGUAGE_STANDARD = "gnu++0x";
				CLANG_CXX_LIBRARY = "libc++";
				CLANG_ENABLE_MODULES = YES;
				CLANG_ENABLE_OBJC_ARC = YES;
				CLANG_WARN_BOOL_CONVERSION = YES;
				CLANG_WARN_CONSTANT_CONVERSION = YES;
				CLANG_WARN_DIRECT_OBJC_ISA_USAGE = YES_ERROR;
				CLANG_WARN_EMPTY_BODY = YES;
				CLANG_WARN_ENUM_CONVERSION = YES;
				CLANG_WARN_INT_CONVERSION = YES;
				CLANG_WARN_OBJC_ROOT_CLASS = YES_ERROR;
				CLANG_WARN_UNREACHABLE_CODE = YES;
				CLANG_WARN__DUPLICATE_METHOD_MATCH = YES;
				"CODE_SIGN_IDENTITY[sdk=iphoneos*]" = "iPhone Developer";
				COPY_PHASE_STRIP = NO;
				DEBUG_INFORMATION_FORMAT = dwarf;
				ENABLE_STRICT_OBJC_MSGSEND = YES;
				ENABLE_TESTABILITY = YES;
				GCC_C_LANGUAGE_STANDARD = gnu99;
				GCC_DYNAMIC_NO_PIC = NO;
				GCC_NO_COMMON_BLOCKS = YES;
				GCC_OPTIMIZATION_LEVEL = 0;
				GCC_PREPROCESSOR_DEFINITIONS = (
					"DEBUG=1",
					"$(inherited)",
				);
				GCC_WARN_64_TO_32_BIT_CONVERSION = YES;
				GCC_WARN_ABOUT_RETURN_TYPE = YES_ERROR;
				GCC_WARN_UNDECLARED_SELECTOR = YES;
				GCC_WARN_UNINITIALIZED_AUTOS = YES_AGGRESSIVE;
				GCC_WARN_UNUSED_FUNCTION = YES;
				GCC_WARN_UNUSED_VARIABLE = YES;
				IPHONEOS_DEPLOYMENT_TARGET = 9.0;
				MTL_ENABLE_DEBUG_INFO = YES;
				ONLY_ACTIVE_ARCH = YES;
				SDKROOT = iphoneos;
				SWIFT_OPTIMIZATION_LEVEL = "-Onone";
				TARGETED_DEVICE_FAMILY = "1,2";
			};
			name = Debug;
		};
		93EDA4F31BC310F000BCC6F2 /* Release */ = {
			isa = XCBuildConfiguration;
			buildSettings = {
				ALWAYS_SEARCH_USER_PATHS = NO;
				CLANG_CXX_LANGUAGE_STANDARD = "gnu++0x";
				CLANG_CXX_LIBRARY = "libc++";
				CLANG_ENABLE_MODULES = YES;
				CLANG_ENABLE_OBJC_ARC = YES;
				CLANG_WARN_BOOL_CONVERSION = YES;
				CLANG_WARN_CONSTANT_CONVERSION = YES;
				CLANG_WARN_DIRECT_OBJC_ISA_USAGE = YES_ERROR;
				CLANG_WARN_EMPTY_BODY = YES;
				CLANG_WARN_ENUM_CONVERSION = YES;
				CLANG_WARN_INT_CONVERSION = YES;
				CLANG_WARN_OBJC_ROOT_CLASS = YES_ERROR;
				CLANG_WARN_UNREACHABLE_CODE = YES;
				CLANG_WARN__DUPLICATE_METHOD_MATCH = YES;
				"CODE_SIGN_IDENTITY[sdk=iphoneos*]" = "iPhone Developer";
				COPY_PHASE_STRIP = NO;
				DEBUG_INFORMATION_FORMAT = "dwarf-with-dsym";
				ENABLE_NS_ASSERTIONS = NO;
				ENABLE_STRICT_OBJC_MSGSEND = YES;
				GCC_C_LANGUAGE_STANDARD = gnu99;
				GCC_NO_COMMON_BLOCKS = YES;
				GCC_WARN_64_TO_32_BIT_CONVERSION = YES;
				GCC_WARN_ABOUT_RETURN_TYPE = YES_ERROR;
				GCC_WARN_UNDECLARED_SELECTOR = YES;
				GCC_WARN_UNINITIALIZED_AUTOS = YES_AGGRESSIVE;
				GCC_WARN_UNUSED_FUNCTION = YES;
				GCC_WARN_UNUSED_VARIABLE = YES;
				IPHONEOS_DEPLOYMENT_TARGET = 9.0;
				MTL_ENABLE_DEBUG_INFO = NO;
				SDKROOT = iphoneos;
				TARGETED_DEVICE_FAMILY = "1,2";
				VALIDATE_PRODUCT = YES;
			};
			name = Release;
		};
		93EDA4F51BC310F000BCC6F2 /* Debug */ = {
			isa = XCBuildConfiguration;
			baseConfigurationReference = 0379EEC14414C52A83D826FF /* Pods-TaterTotTimer WatchKit Extension.debug.xcconfig */;
			buildSettings = {
				ASSETCATALOG_COMPILER_COMPLICATION_NAME = Complication;
				INFOPLIST_FILE = "TaterTotTimer WatchKit Extension/Info.plist";
				LD_RUNPATH_SEARCH_PATHS = "$(inherited) @executable_path/Frameworks @executable_path/../../Frameworks";
				PRODUCT_BUNDLE_IDENTIFIER = com.automattic.TaterTotTimer.watchkitapp.watchkitextension;
				PRODUCT_NAME = "${TARGET_NAME}";
				SDKROOT = watchos;
				SKIP_INSTALL = YES;
				TARGETED_DEVICE_FAMILY = 4;
				WATCHOS_DEPLOYMENT_TARGET = 2.0;
			};
			name = Debug;
		};
		93EDA4F61BC310F000BCC6F2 /* Release */ = {
			isa = XCBuildConfiguration;
			baseConfigurationReference = 65B8EB5A0B4D6DA057FA61F6 /* Pods-TaterTotTimer WatchKit Extension.release.xcconfig */;
			buildSettings = {
				ASSETCATALOG_COMPILER_COMPLICATION_NAME = Complication;
				INFOPLIST_FILE = "TaterTotTimer WatchKit Extension/Info.plist";
				LD_RUNPATH_SEARCH_PATHS = "$(inherited) @executable_path/Frameworks @executable_path/../../Frameworks";
				PRODUCT_BUNDLE_IDENTIFIER = com.automattic.TaterTotTimer.watchkitapp.watchkitextension;
				PRODUCT_NAME = "${TARGET_NAME}";
				SDKROOT = watchos;
				SKIP_INSTALL = YES;
				TARGETED_DEVICE_FAMILY = 4;
				WATCHOS_DEPLOYMENT_TARGET = 2.0;
			};
			name = Release;
		};
		93EDA4F91BC310F000BCC6F2 /* Debug */ = {
			isa = XCBuildConfiguration;
			baseConfigurationReference = 2D00D070A135DC80D4898762 /* Pods-TaterTotTimer WatchKit App.debug.xcconfig */;
			buildSettings = {
				ASSETCATALOG_COMPILER_APPICON_NAME = AppIcon;
				EMBEDDED_CONTENT_CONTAINS_SWIFT = YES;
				IBSC_MODULE = TaterTotTimer_WatchKit_Extension;
				INFOPLIST_FILE = "TaterTotTimer WatchKit App/Info.plist";
				PRODUCT_BUNDLE_IDENTIFIER = com.automattic.TaterTotTimer.watchkitapp;
				PRODUCT_NAME = "$(TARGET_NAME)";
				SDKROOT = watchos;
				SKIP_INSTALL = YES;
				TARGETED_DEVICE_FAMILY = 4;
				WATCHOS_DEPLOYMENT_TARGET = 2.0;
			};
			name = Debug;
		};
		93EDA4FA1BC310F000BCC6F2 /* Release */ = {
			isa = XCBuildConfiguration;
			baseConfigurationReference = B044F52C39A8CEA5D438FE0F /* Pods-TaterTotTimer WatchKit App.release.xcconfig */;
			buildSettings = {
				ASSETCATALOG_COMPILER_APPICON_NAME = AppIcon;
				EMBEDDED_CONTENT_CONTAINS_SWIFT = YES;
				IBSC_MODULE = TaterTotTimer_WatchKit_Extension;
				INFOPLIST_FILE = "TaterTotTimer WatchKit App/Info.plist";
				PRODUCT_BUNDLE_IDENTIFIER = com.automattic.TaterTotTimer.watchkitapp;
				PRODUCT_NAME = "$(TARGET_NAME)";
				SDKROOT = watchos;
				SKIP_INSTALL = YES;
				TARGETED_DEVICE_FAMILY = 4;
				WATCHOS_DEPLOYMENT_TARGET = 2.0;
			};
			name = Release;
		};
		93EDA4FD1BC310F000BCC6F2 /* Debug */ = {
			isa = XCBuildConfiguration;
			baseConfigurationReference = 1EDB128FA524A86621291288 /* Pods-TaterTotTimer.debug.xcconfig */;
			buildSettings = {
				ASSETCATALOG_COMPILER_APPICON_NAME = AppIcon;
				INFOPLIST_FILE = TaterTotTimer/Info.plist;
				LD_RUNPATH_SEARCH_PATHS = "$(inherited) @executable_path/Frameworks";
				PRODUCT_BUNDLE_IDENTIFIER = com.automattic.TaterTotTimer;
				PRODUCT_NAME = "$(TARGET_NAME)";
			};
			name = Debug;
		};
		93EDA4FE1BC310F000BCC6F2 /* Release */ = {
			isa = XCBuildConfiguration;
			baseConfigurationReference = F8CB89136F6D0A7585BFC875 /* Pods-TaterTotTimer.release.xcconfig */;
			buildSettings = {
				ASSETCATALOG_COMPILER_APPICON_NAME = AppIcon;
				INFOPLIST_FILE = TaterTotTimer/Info.plist;
				LD_RUNPATH_SEARCH_PATHS = "$(inherited) @executable_path/Frameworks";
				PRODUCT_BUNDLE_IDENTIFIER = com.automattic.TaterTotTimer;
				PRODUCT_NAME = "$(TARGET_NAME)";
			};
			name = Release;
		};
		93EDA5001BC310F000BCC6F2 /* Debug */ = {
			isa = XCBuildConfiguration;
			baseConfigurationReference = 8898D1FCAA6F99CBCD5816C5 /* Pods-TaterTotTimerTests.debug.xcconfig */;
			buildSettings = {
				BUNDLE_LOADER = "$(TEST_HOST)";
				INFOPLIST_FILE = TaterTotTimerTests/Info.plist;
				LD_RUNPATH_SEARCH_PATHS = "$(inherited) @executable_path/Frameworks @loader_path/Frameworks";
				PRODUCT_BUNDLE_IDENTIFIER = com.automattic.TaterTotTimerTests;
				PRODUCT_NAME = "$(TARGET_NAME)";
				TEST_HOST = "$(BUILT_PRODUCTS_DIR)/TaterTotTimer.app/TaterTotTimer";
			};
			name = Debug;
		};
		93EDA5011BC310F000BCC6F2 /* Release */ = {
			isa = XCBuildConfiguration;
			baseConfigurationReference = 352F45932166652BBBF0CE5B /* Pods-TaterTotTimerTests.release.xcconfig */;
			buildSettings = {
				BUNDLE_LOADER = "$(TEST_HOST)";
				INFOPLIST_FILE = TaterTotTimerTests/Info.plist;
				LD_RUNPATH_SEARCH_PATHS = "$(inherited) @executable_path/Frameworks @loader_path/Frameworks";
				PRODUCT_BUNDLE_IDENTIFIER = com.automattic.TaterTotTimerTests;
				PRODUCT_NAME = "$(TARGET_NAME)";
				TEST_HOST = "$(BUILT_PRODUCTS_DIR)/TaterTotTimer.app/TaterTotTimer";
			};
			name = Release;
		};
/* End XCBuildConfiguration section */

/* Begin XCConfigurationList section */
		93EDA4AF1BC310EF00BCC6F2 /* Build configuration list for PBXProject "TaterTotTimer" */ = {
			isa = XCConfigurationList;
			buildConfigurations = (
				93EDA4F21BC310F000BCC6F2 /* Debug */,
				93EDA4F31BC310F000BCC6F2 /* Release */,
			);
			defaultConfigurationIsVisible = 0;
			defaultConfigurationName = Release;
		};
		93EDA4F41BC310F000BCC6F2 /* Build configuration list for PBXNativeTarget "TaterTotTimer WatchKit Extension" */ = {
			isa = XCConfigurationList;
			buildConfigurations = (
				93EDA4F51BC310F000BCC6F2 /* Debug */,
				93EDA4F61BC310F000BCC6F2 /* Release */,
			);
			defaultConfigurationIsVisible = 0;
			defaultConfigurationName = Release;
		};
		93EDA4F81BC310F000BCC6F2 /* Build configuration list for PBXNativeTarget "TaterTotTimer WatchKit App" */ = {
			isa = XCConfigurationList;
			buildConfigurations = (
				93EDA4F91BC310F000BCC6F2 /* Debug */,
				93EDA4FA1BC310F000BCC6F2 /* Release */,
			);
			defaultConfigurationIsVisible = 0;
			defaultConfigurationName = Release;
		};
		93EDA4FC1BC310F000BCC6F2 /* Build configuration list for PBXNativeTarget "TaterTotTimer" */ = {
			isa = XCConfigurationList;
			buildConfigurations = (
				93EDA4FD1BC310F000BCC6F2 /* Debug */,
				93EDA4FE1BC310F000BCC6F2 /* Release */,
			);
			defaultConfigurationIsVisible = 0;
			defaultConfigurationName = Release;
		};
		93EDA4FF1BC310F000BCC6F2 /* Build configuration list for PBXNativeTarget "TaterTotTimerTests" */ = {
			isa = XCConfigurationList;
			buildConfigurations = (
				93EDA5001BC310F000BCC6F2 /* Debug */,
				93EDA5011BC310F000BCC6F2 /* Release */,
			);
			defaultConfigurationIsVisible = 0;
			defaultConfigurationName = Release;
		};
/* End XCConfigurationList section */
	};
	rootObject = 93EDA4AC1BC310EF00BCC6F2 /* Project object */;
}
